
Microsoft Visual Studio Solution File, Format Version 12.00
# Visual Studio Version 17
VisualStudioVersion = 17.3.32922.545
MinimumVisualStudioVersion = 10.0.40219.1
Project("{2150E333-8FDC-42A3-9474-1A3956D46DE8}") = "src", "src", "{ED5A0E5F-067C-46F6-AAF1-DDE0361F372D}"
EndProject
Project("{2150E333-8FDC-42A3-9474-1A3956D46DE8}") = "Solution Items", "Solution Items", "{D007B522-7CBB-4F29-B9AB-C3980C35E51C}"
	ProjectSection(SolutionItems) = preProject
		ServiceUrls.txt = ServiceUrls.txt
	EndProjectSection
EndProject
Project("{2150E333-8FDC-42A3-9474-1A3956D46DE8}") = "ApiGateways", "ApiGateways", "{6D690765-A7C8-4D0B-9370-461982877B4E}"
EndProject
Project("{2150E333-8FDC-42A3-9474-1A3956D46DE8}") = "BuildingBlocks", "BuildingBlocks", "{B3D9D482-E987-4DA3-A1E8-B8EA7E25DE77}"
EndProject
Project("{2150E333-8FDC-42A3-9474-1A3956D46DE8}") = "Services", "Services", "{E9A0F411-88AE-4F98-990C-B9C142633999}"
EndProject
Project("{2150E333-8FDC-42A3-9474-1A3956D46DE8}") = "Clients", "Clients", "{27283D12-5764-4582-ACC0-56DA86C6C692}"
EndProject
Project("{2150E333-8FDC-42A3-9474-1A3956D46DE8}") = "WebApiGateway", "WebApiGateway", "{00F55CF9-F4E3-4DFD-B0B8-18BB12FE4069}"
EndProject
Project("{FAE04EC0-301F-11D3-BF4B-00C04F79EFBC}") = "Web.ApiGateway", "src\ApiGateways\WebApiGateway\Web.ApiGateway\Web.ApiGateway.csproj", "{A626EBED-3FE7-4A51-95A4-44F0442E4F70}"
EndProject
Project("{2150E333-8FDC-42A3-9474-1A3956D46DE8}") = "EventBus", "EventBus", "{44ACFB75-AE50-46D5-8D9E-4134A36BD1E3}"
EndProject
Project("{FAE04EC0-301F-11D3-BF4B-00C04F79EFBC}") = "EventBus.Base", "src\BuildingBlocks\EventBus\EventBus.Base\EventBus.Base.csproj", "{AAC37F9C-E808-452F-91E3-D15E50993372}"
EndProject
Project("{FAE04EC0-301F-11D3-BF4B-00C04F79EFBC}") = "EventBus.Factory", "src\BuildingBlocks\EventBus\EventBus.Factory\EventBus.Factory.csproj", "{C3F1FBF9-B526-43AB-B2E6-1C722A3602D6}"
EndProject
Project("{FAE04EC0-301F-11D3-BF4B-00C04F79EFBC}") = "EventBus.AzureServiceBus", "src\BuildingBlocks\EventBus\EventBus.AzureServiceBus\EventBus.AzureServiceBus.csproj", "{925C1EAE-04FA-42BA-8BB3-DC97E894BA48}"
EndProject
Project("{FAE04EC0-301F-11D3-BF4B-00C04F79EFBC}") = "EventBus.RabbitMQ", "src\BuildingBlocks\EventBus\EventBus.RabbitMQ\EventBus.RabbitMQ.csproj", "{582F0ABA-19F4-4C09-A5BF-5951637E0B80}"
EndProject
Project("{2150E333-8FDC-42A3-9474-1A3956D46DE8}") = "BlazorWebApp", "BlazorWebApp", "{BDEA0BE5-B87E-460B-8B3C-2536D3AD70E8}"
EndProject
Project("{FAE04EC0-301F-11D3-BF4B-00C04F79EFBC}") = "WebApp", "src\Clients\BlazorWebApp\WebApp\WebApp.csproj", "{A5ADB73B-BDFF-42D1-9F0A-B717FFC50FE8}"
EndProject
Project("{2150E333-8FDC-42A3-9474-1A3956D46DE8}") = "BasketService", "BasketService", "{AF186624-1B86-4F54-A4EF-97F83DC8C89E}"
EndProject
Project("{FAE04EC0-301F-11D3-BF4B-00C04F79EFBC}") = "BasketService.Api", "src\Services\BasketService\BasketService.Api\BasketService.Api.csproj", "{A12FDE95-2895-489D-869A-0974D8BA6935}"
EndProject
Project("{2150E333-8FDC-42A3-9474-1A3956D46DE8}") = "CatalogService", "CatalogService", "{847F08E1-A31D-4E6C-906F-1941766BE997}"
EndProject
Project("{FAE04EC0-301F-11D3-BF4B-00C04F79EFBC}") = "CatalogService.Api", "src\Services\CatalogService\CatalogService.Api\CatalogService.Api.csproj", "{0C4208B1-5B76-45F6-A74C-2CB0050B0041}"
EndProject
Project("{2150E333-8FDC-42A3-9474-1A3956D46DE8}") = "IdentityService", "IdentityService", "{9B8E0AC8-AEBC-4F59-838E-2F7BE5013F2C}"
EndProject
Project("{FAE04EC0-301F-11D3-BF4B-00C04F79EFBC}") = "IdentityService.Api", "src\Services\IdentityService\IdentityService.Api\IdentityService.Api.csproj", "{FB517CB9-A3D1-4E64-9E24-288032DD9DD2}"
EndProject
Project("{2150E333-8FDC-42A3-9474-1A3956D46DE8}") = "NotificationService", "NotificationService", "{B9506DEC-A926-44EC-A7FF-474EC33C04C0}"
EndProject
Project("{FAE04EC0-301F-11D3-BF4B-00C04F79EFBC}") = "NotificationService", "src\Services\NotificationService\NotificationService\NotificationService.csproj", "{08244983-F715-4C73-B8D9-8820939D1991}"
EndProject
Project("{2150E333-8FDC-42A3-9474-1A3956D46DE8}") = "OrderService", "OrderService", "{BC27C6C9-888B-4181-879E-6D4898D9FC2B}"
EndProject
Project("{FAE04EC0-301F-11D3-BF4B-00C04F79EFBC}") = "OrderService.Domain", "src\Services\OrderService\OrderService.Domain\OrderService.Domain.csproj", "{6FE196F1-A8FD-4CF6-8CB0-15D1540F5B70}"
EndProject
Project("{FAE04EC0-301F-11D3-BF4B-00C04F79EFBC}") = "OrderService.Application", "src\Services\OrderService\OrderService.Application\OrderService.Application.csproj", "{50512CA3-78B3-4E7E-9D88-88906709B172}"
EndProject
Project("{FAE04EC0-301F-11D3-BF4B-00C04F79EFBC}") = "OrderService.Infrastructure", "src\Services\OrderService\OrderService.Infrastructure\OrderService.Infrastructure.csproj", "{3E78FFC2-56F7-4199-AC20-6642089218B4}"
EndProject
Project("{FAE04EC0-301F-11D3-BF4B-00C04F79EFBC}") = "OrderService.Api", "src\Services\OrderService\OrderService.Api\OrderService.Api.csproj", "{F753CE8F-FCB2-4CDB-A734-1E29BB38D036}"
EndProject
Project("{2150E333-8FDC-42A3-9474-1A3956D46DE8}") = "PaymentService", "PaymentService", "{27085A87-2AFA-4723-983E-528E8C02AD07}"
EndProject
Project("{FAE04EC0-301F-11D3-BF4B-00C04F79EFBC}") = "PaymentService.Api", "src\Services\PaymentService\PaymentService.Api\PaymentService.Api.csproj", "{84C86875-C028-457B-AD74-C5A631E1F984}"
EndProject
Global
	GlobalSection(SolutionConfigurationPlatforms) = preSolution
		Debug|Any CPU = Debug|Any CPU
		Release|Any CPU = Release|Any CPU
	EndGlobalSection
	GlobalSection(ProjectConfigurationPlatforms) = postSolution
		{A626EBED-3FE7-4A51-95A4-44F0442E4F70}.Debug|Any CPU.ActiveCfg = Debug|Any CPU
		{A626EBED-3FE7-4A51-95A4-44F0442E4F70}.Debug|Any CPU.Build.0 = Debug|Any CPU
		{A626EBED-3FE7-4A51-95A4-44F0442E4F70}.Release|Any CPU.ActiveCfg = Release|Any CPU
		{A626EBED-3FE7-4A51-95A4-44F0442E4F70}.Release|Any CPU.Build.0 = Release|Any CPU
		{AAC37F9C-E808-452F-91E3-D15E50993372}.Debug|Any CPU.ActiveCfg = Debug|Any CPU
		{AAC37F9C-E808-452F-91E3-D15E50993372}.Debug|Any CPU.Build.0 = Debug|Any CPU
		{AAC37F9C-E808-452F-91E3-D15E50993372}.Release|Any CPU.ActiveCfg = Release|Any CPU
		{AAC37F9C-E808-452F-91E3-D15E50993372}.Release|Any CPU.Build.0 = Release|Any CPU
		{C3F1FBF9-B526-43AB-B2E6-1C722A3602D6}.Debug|Any CPU.ActiveCfg = Debug|Any CPU
		{C3F1FBF9-B526-43AB-B2E6-1C722A3602D6}.Debug|Any CPU.Build.0 = Debug|Any CPU
		{C3F1FBF9-B526-43AB-B2E6-1C722A3602D6}.Release|Any CPU.ActiveCfg = Release|Any CPU
		{C3F1FBF9-B526-43AB-B2E6-1C722A3602D6}.Release|Any CPU.Build.0 = Release|Any CPU
		{925C1EAE-04FA-42BA-8BB3-DC97E894BA48}.Debug|Any CPU.ActiveCfg = Debug|Any CPU
		{925C1EAE-04FA-42BA-8BB3-DC97E894BA48}.Debug|Any CPU.Build.0 = Debug|Any CPU
		{925C1EAE-04FA-42BA-8BB3-DC97E894BA48}.Release|Any CPU.ActiveCfg = Release|Any CPU
		{925C1EAE-04FA-42BA-8BB3-DC97E894BA48}.Release|Any CPU.Build.0 = Release|Any CPU
		{582F0ABA-19F4-4C09-A5BF-5951637E0B80}.Debug|Any CPU.ActiveCfg = Debug|Any CPU
		{582F0ABA-19F4-4C09-A5BF-5951637E0B80}.Debug|Any CPU.Build.0 = Debug|Any CPU
		{582F0ABA-19F4-4C09-A5BF-5951637E0B80}.Release|Any CPU.ActiveCfg = Release|Any CPU
		{582F0ABA-19F4-4C09-A5BF-5951637E0B80}.Release|Any CPU.Build.0 = Release|Any CPU
		{A5ADB73B-BDFF-42D1-9F0A-B717FFC50FE8}.Debug|Any CPU.ActiveCfg = Debug|Any CPU
		{A5ADB73B-BDFF-42D1-9F0A-B717FFC50FE8}.Debug|Any CPU.Build.0 = Debug|Any CPU
		{A5ADB73B-BDFF-42D1-9F0A-B717FFC50FE8}.Release|Any CPU.ActiveCfg = Release|Any CPU
		{A5ADB73B-BDFF-42D1-9F0A-B717FFC50FE8}.Release|Any CPU.Build.0 = Release|Any CPU
		{A12FDE95-2895-489D-869A-0974D8BA6935}.Debug|Any CPU.ActiveCfg = Debug|Any CPU
		{A12FDE95-2895-489D-869A-0974D8BA6935}.Debug|Any CPU.Build.0 = Debug|Any CPU
		{A12FDE95-2895-489D-869A-0974D8BA6935}.Release|Any CPU.ActiveCfg = Release|Any CPU
		{A12FDE95-2895-489D-869A-0974D8BA6935}.Release|Any CPU.Build.0 = Release|Any CPU
		{0C4208B1-5B76-45F6-A74C-2CB0050B0041}.Debug|Any CPU.ActiveCfg = Debug|Any CPU
		{0C4208B1-5B76-45F6-A74C-2CB0050B0041}.Debug|Any CPU.Build.0 = Debug|Any CPU
		{0C4208B1-5B76-45F6-A74C-2CB0050B0041}.Release|Any CPU.ActiveCfg = Release|Any CPU
		{0C4208B1-5B76-45F6-A74C-2CB0050B0041}.Release|Any CPU.Build.0 = Release|Any CPU
		{FB517CB9-A3D1-4E64-9E24-288032DD9DD2}.Debug|Any CPU.ActiveCfg = Debug|Any CPU
		{FB517CB9-A3D1-4E64-9E24-288032DD9DD2}.Debug|Any CPU.Build.0 = Debug|Any CPU
		{FB517CB9-A3D1-4E64-9E24-288032DD9DD2}.Release|Any CPU.ActiveCfg = Release|Any CPU
		{FB517CB9-A3D1-4E64-9E24-288032DD9DD2}.Release|Any CPU.Build.0 = Release|Any CPU
		{08244983-F715-4C73-B8D9-8820939D1991}.Debug|Any CPU.ActiveCfg = Debug|Any CPU
		{08244983-F715-4C73-B8D9-8820939D1991}.Debug|Any CPU.Build.0 = Debug|Any CPU
		{08244983-F715-4C73-B8D9-8820939D1991}.Release|Any CPU.ActiveCfg = Release|Any CPU
		{08244983-F715-4C73-B8D9-8820939D1991}.Release|Any CPU.Build.0 = Release|Any CPU
		{6FE196F1-A8FD-4CF6-8CB0-15D1540F5B70}.Debug|Any CPU.ActiveCfg = Debug|Any CPU
		{6FE196F1-A8FD-4CF6-8CB0-15D1540F5B70}.Debug|Any CPU.Build.0 = Debug|Any CPU
		{6FE196F1-A8FD-4CF6-8CB0-15D1540F5B70}.Release|Any CPU.ActiveCfg = Release|Any CPU
		{6FE196F1-A8FD-4CF6-8CB0-15D1540F5B70}.Release|Any CPU.Build.0 = Release|Any CPU
		{50512CA3-78B3-4E7E-9D88-88906709B172}.Debug|Any CPU.ActiveCfg = Debug|Any CPU
		{50512CA3-78B3-4E7E-9D88-88906709B172}.Debug|Any CPU.Build.0 = Debug|Any CPU
		{50512CA3-78B3-4E7E-9D88-88906709B172}.Release|Any CPU.ActiveCfg = Release|Any CPU
		{50512CA3-78B3-4E7E-9D88-88906709B172}.Release|Any CPU.Build.0 = Release|Any CPU
		{3E78FFC2-56F7-4199-AC20-6642089218B4}.Debug|Any CPU.ActiveCfg = Debug|Any CPU
		{3E78FFC2-56F7-4199-AC20-6642089218B4}.Debug|Any CPU.Build.0 = Debug|Any CPU
		{3E78FFC2-56F7-4199-AC20-6642089218B4}.Release|Any CPU.ActiveCfg = Release|Any CPU
		{3E78FFC2-56F7-4199-AC20-6642089218B4}.Release|Any CPU.Build.0 = Release|Any CPU
		{F753CE8F-FCB2-4CDB-A734-1E29BB38D036}.Debug|Any CPU.ActiveCfg = Debug|Any CPU
		{F753CE8F-FCB2-4CDB-A734-1E29BB38D036}.Debug|Any CPU.Build.0 = Debug|Any CPU
		{F753CE8F-FCB2-4CDB-A734-1E29BB38D036}.Release|Any CPU.ActiveCfg = Release|Any CPU
		{F753CE8F-FCB2-4CDB-A734-1E29BB38D036}.Release|Any CPU.Build.0 = Release|Any CPU
		{84C86875-C028-457B-AD74-C5A631E1F984}.Debug|Any CPU.ActiveCfg = Debug|Any CPU
		{84C86875-C028-457B-AD74-C5A631E1F984}.Debug|Any CPU.Build.0 = Debug|Any CPU
		{84C86875-C028-457B-AD74-C5A631E1F984}.Release|Any CPU.ActiveCfg = Release|Any CPU
		{84C86875-C028-457B-AD74-C5A631E1F984}.Release|Any CPU.Build.0 = Release|Any CPU
	EndGlobalSection
	GlobalSection(SolutionProperties) = preSolution
		HideSolutionNode = FALSE
	EndGlobalSection
	GlobalSection(NestedProjects) = preSolution
		{6D690765-A7C8-4D0B-9370-461982877B4E} = {ED5A0E5F-067C-46F6-AAF1-DDE0361F372D}
		{B3D9D482-E987-4DA3-A1E8-B8EA7E25DE77} = {ED5A0E5F-067C-46F6-AAF1-DDE0361F372D}
		{E9A0F411-88AE-4F98-990C-B9C142633999} = {ED5A0E5F-067C-46F6-AAF1-DDE0361F372D}
		{27283D12-5764-4582-ACC0-56DA86C6C692} = {ED5A0E5F-067C-46F6-AAF1-DDE0361F372D}
		{00F55CF9-F4E3-4DFD-B0B8-18BB12FE4069} = {6D690765-A7C8-4D0B-9370-461982877B4E}
		{A626EBED-3FE7-4A51-95A4-44F0442E4F70} = {00F55CF9-F4E3-4DFD-B0B8-18BB12FE4069}
		{44ACFB75-AE50-46D5-8D9E-4134A36BD1E3} = {B3D9D482-E987-4DA3-A1E8-B8EA7E25DE77}
		{AAC37F9C-E808-452F-91E3-D15E50993372} = {44ACFB75-AE50-46D5-8D9E-4134A36BD1E3}
		{C3F1FBF9-B526-43AB-B2E6-1C722A3602D6} = {44ACFB75-AE50-46D5-8D9E-4134A36BD1E3}
		{925C1EAE-04FA-42BA-8BB3-DC97E894BA48} = {44ACFB75-AE50-46D5-8D9E-4134A36BD1E3}
		{582F0ABA-19F4-4C09-A5BF-5951637E0B80} = {44ACFB75-AE50-46D5-8D9E-4134A36BD1E3}
		{BDEA0BE5-B87E-460B-8B3C-2536D3AD70E8} = {27283D12-5764-4582-ACC0-56DA86C6C692}
		{A5ADB73B-BDFF-42D1-9F0A-B717FFC50FE8} = {BDEA0BE5-B87E-460B-8B3C-2536D3AD70E8}
		{AF186624-1B86-4F54-A4EF-97F83DC8C89E} = {E9A0F411-88AE-4F98-990C-B9C142633999}
		{A12FDE95-2895-489D-869A-0974D8BA6935} = {AF186624-1B86-4F54-A4EF-97F83DC8C89E}
		{847F08E1-A31D-4E6C-906F-1941766BE997} = {E9A0F411-88AE-4F98-990C-B9C142633999}
		{0C4208B1-5B76-45F6-A74C-2CB0050B0041} = {847F08E1-A31D-4E6C-906F-1941766BE997}
		{9B8E0AC8-AEBC-4F59-838E-2F7BE5013F2C} = {E9A0F411-88AE-4F98-990C-B9C142633999}
		{FB517CB9-A3D1-4E64-9E24-288032DD9DD2} = {9B8E0AC8-AEBC-4F59-838E-2F7BE5013F2C}
		{B9506DEC-A926-44EC-A7FF-474EC33C04C0} = {E9A0F411-88AE-4F98-990C-B9C142633999}
		{08244983-F715-4C73-B8D9-8820939D1991} = {B9506DEC-A926-44EC-A7FF-474EC33C04C0}
		{BC27C6C9-888B-4181-879E-6D4898D9FC2B} = {E9A0F411-88AE-4F98-990C-B9C142633999}
		{6FE196F1-A8FD-4CF6-8CB0-15D1540F5B70} = {BC27C6C9-888B-4181-879E-6D4898D9FC2B}
		{50512CA3-78B3-4E7E-9D88-88906709B172} = {BC27C6C9-888B-4181-879E-6D4898D9FC2B}
		{3E78FFC2-56F7-4199-AC20-6642089218B4} = {BC27C6C9-888B-4181-879E-6D4898D9FC2B}
		{F753CE8F-FCB2-4CDB-A734-1E29BB38D036} = {BC27C6C9-888B-4181-879E-6D4898D9FC2B}
		{27085A87-2AFA-4723-983E-528E8C02AD07} = {E9A0F411-88AE-4F98-990C-B9C142633999}
		{84C86875-C028-457B-AD74-C5A631E1F984} = {27085A87-2AFA-4723-983E-528E8C02AD07}
	EndGlobalSection
	GlobalSection(ExtensibilityGlobals) = postSolution
		SolutionGuid = {BF5831DA-E09D-4927-B6C8-F49400410B06}
	EndGlobalSection
EndGlobal
